
Microsoft Visual Studio Solution File, Format Version 12.00
# Visual Studio Version 17
VisualStudioVersion = 17.11.35312.102
MinimumVisualStudioVersion = 10.0.40219.1
Project("{FAE04EC0-301F-11D3-BF4B-00C04F79EFBC}") = "ClubMembersshipApplication", "ClubMembersshipApplication\ClubMembersshipApplication.csproj", "{F501186B-630E-4D3C-AF47-A660651E8FD0}"
EndProject
Project("{FAE04EC0-301F-11D3-BF4B-00C04F79EFBC}") = "FieldValidatorAPI", "FieldValidationAPI\FieldValidatorAPI.csproj", "{9D2808F9-20D9-4DE7-8CEF-A17119B68C70}"
EndProject
Global
	GlobalSection(SolutionConfigurationPlatforms) = preSolution
		Debug|Any CPU = Debug|Any CPU
		Release|Any CPU = Release|Any CPU
	EndGlobalSection
	GlobalSection(ProjectConfigurationPlatforms) = postSolution
		{F501186B-630E-4D3C-AF47-A660651E8FD0}.Debug|Any CPU.ActiveCfg = Debug|Any CPU
		{F501186B-630E-4D3C-AF47-A660651E8FD0}.Debug|Any CPU.Build.0 = Debug|Any CPU
		{F501186B-630E-4D3C-AF47-A660651E8FD0}.Release|Any CPU.ActiveCfg = Release|Any CPU
		{F501186B-630E-4D3C-AF47-A660651E8FD0}.Release|Any CPU.Build.0 = Release|Any CPU
		{9D2808F9-20D9-4DE7-8CEF-A17119B68C70}.Debug|Any CPU.ActiveCfg = Debug|Any CPU
		{9D2808F9-20D9-4DE7-8CEF-A17119B68C70}.Debug|Any CPU.Build.0 = Debug|Any CPU
		{9D2808F9-20D9-4DE7-8CEF-A17119B68C70}.Release|Any CPU.ActiveCfg = Release|Any CPU
		{9D2808F9-20D9-4DE7-8CEF-A17119B68C70}.Release|Any CPU.Build.0 = Release|Any CPU
	EndGlobalSection
	GlobalSection(SolutionProperties) = preSolution
		HideSolutionNode = FALSE
	EndGlobalSection
	GlobalSection(ExtensibilityGlobals) = postSolution
		SolutionGuid = {A27851E4-F676-479B-9A7F-0B054BDFDCEA}
	EndGlobalSection
EndGlobal
